
Microsoft Visual Studio Solution File, Format Version 12.00
# Visual Studio Version 16
VisualStudioVersion = 16.0.31613.86
MinimumVisualStudioVersion = 10.0.40219.1
Project("{FAE04EC0-301F-11D3-BF4B-00C04F79EFBC}") = "BUISNESS_MEDIA", "BUISNESS_MEDIA\BUISNESS_MEDIA.csproj", "{B80F788E-D21E-4792-85BF-CAA3B90DC58B}"
EndProject
Global
	GlobalSection(SolutionConfigurationPlatforms) = preSolution
		Debug|Any CPU = Debug|Any CPU
		Release|Any CPU = Release|Any CPU
	EndGlobalSection
	GlobalSection(ProjectConfigurationPlatforms) = postSolution
		{B80F788E-D21E-4792-85BF-CAA3B90DC58B}.Debug|Any CPU.ActiveCfg = Debug|Any CPU
		{B80F788E-D21E-4792-85BF-CAA3B90DC58B}.Debug|Any CPU.Build.0 = Debug|Any CPU
		{B80F788E-D21E-4792-85BF-CAA3B90DC58B}.Release|Any CPU.ActiveCfg = Release|Any CPU
		{B80F788E-D21E-4792-85BF-CAA3B90DC58B}.Release|Any CPU.Build.0 = Release|Any CPU
	EndGlobalSection
	GlobalSection(SolutionProperties) = preSolution
		HideSolutionNode = FALSE
	EndGlobalSection
	GlobalSection(ExtensibilityGlobals) = postSolution
		SolutionGuid = {587A7DCB-F769-4F8B-B476-EB856288FB29}
	EndGlobalSection
EndGlobal
